{
  "object": {
    "pins": [
      {
        "package": "Unbox",
        "repositoryURL": "https://github.com/JohnSundell/Unbox",
        "state": {
          "branch": null,
          "revision": "9575afeb61597fdea9070ca07effede5fb37c2c8",
          "version": "3.1.0"
        }
      }
    ]
  },
  "version": 1
}
